github.com/Sirupsen/logrus v0.0.0-20161111120951-abc6f20dabf4 h1:w9PismV+kUfkGHT7nqKU4Mb8QbugtQP3UHl4ucg9GWc=
github.com/Sirupsen/logrus v0.0.0-20161111120951-abc6f20dabf4/go.mod h1:rmk17hk6i8ZSAJkSDa7nOxamrG+SP4P0mm+DAvExv4U=
github.com/hashicorp/golang-lru v0.0.0-20160813221303-0a025b7e63ad h1:eMxs9EL0PvIGS9TTtxg4R+JxuPGav82J8rA+GFnY7po=
github.com/hashicorp/golang-lru v0.0.0-20160813221303-0a025b7e63ad/go.mod h1:/m3WP610KZHVQ1SGc6re/UDhFvYD7pJ4Ao+sR/qLZy8=
github.com/hlandau/acme v0.0.0-20161108090155-a087733bf756 h1:lnPx9v+PaStqCw+iWMALpa/Zs5bQjkthVaIrFwanKLY=
github.com/hlandau/acme v0.0.0-20161108090155-a087733bf756/go.mod h1:/XsJyiXQTo9sacYfWjUwr7/qSxg3BT5CI8DX8Atnig0=
github.com/hlandau/goutils v0.0.0-20160722130800-0cdb66aea5b8 h1:9aNGW7btNlVqbcqAc2YVwjI0fhZFmoZHkC3+ZJyt1DM=
github.com/hlandau/goutils v0.0.0-20160722130800-0cdb66aea5b8/go.mod h1:pYz0KEJgONY133I+1Pkmn6MLptkdKyz3SHgGmpDWyFI=
github.com/hlandau/xlog v1.0.0 h1:tcFGp86iK+v6NwbyuG9wyLB77SBkvAJUjOkRJo3H8C0=
github.com/hlandau/xlog v1.0.0/go.mod h1:aZl5hrokGCtnAFcvft2givQmKZYVfHRvQJbjoqI2lm8=
github.com/kardianos/osext v0.0.0-20160811001526-c2c54e542fb7 h1:pKv4oHt3kat9yf1jofmaRv3KxGaY5B7VV55GrfXFa74=
github.com/kardianos/osext v0.0.0-20160811001526-c2c54e542fb7/go.mod h1:1NbS8ALrpOvjt0rHPNLyCIeMtbizbir8U//inJ+zuB8=
github.com/kardianos/service v0.0.0-20161104002935-6a55aece86cb h1:TEJI3Y4+tOJ6aDS9R7VRdIqwoDO/8XKDhswgZNYmXgM=
github.com/kardianos/service v0.0.0-20161104002935-6a55aece86cb/go.mod h1:10UU/bEkzh2iEN6aYzbevY7J6p03KO5siTxQWXMEerg=
github.com/mattn/go-isatty v0.0.0-20160806122752-66b8e73f3f5c h1:3nKFouDdpgGUV/uerJcYWH45ZbJzX0SiVWfTgmUeTzc=
github.com/mattn/go-isatty v0.0.0-20160806122752-66b8e73f3f5c/go.mod h1:M+lRXTBqGeGNdLjl/ufCoiOlB5xdOkqRJdNxMWT7Zi4=
github.com/miekg/dns v0.0.0-20160328144643-7e024ce8ce18 h1:idN36ZEqXqHX5gQvPPR+U/ArBiTqy1a5PwzWKuBg1Gc=
github.com/miekg/dns v0.0.0-20160328144643-7e024ce8ce18/go.mod h1:W1PPwlIAgtquWBMBEV9nkV9Cazfe8ScdGz/Lj7v3Nrg=
github.com/peterhellberg/link v1.0.0 h1:mUWkiegowUXEcmlb+ybF75Q/8D2Y0BjZtR8cxoKhaQo=
github.com/peterhellberg/link v1.0.0/go.mod h1:gtSlOT4jmkY8P47hbTc8PTgiDDWpdPbFYl75keYyBB8=
github.com/rekby/pair-connections v0.0.0-20170118080318-152f445fd49b h1:JG5pylBAf+UFgHm8QxKFasxXYO4+sXQMtgFF6Bu+7/k=
github.com/rekby/pair-connections v0.0.0-20170118080318-152f445fd49b/go.mod h1:ZZi/xSoa7McVnn2D7b12IjHVQKKBByJj0xCKlqeN3uk=
github.com/rekby/panichandler v0.0.0-20170328105924-9a591848d332 h1:I3KZ3oKY2AHsQq3R5I31neN38ZzT9112RbGAItyVZ2E=
github.com/rekby/panichandler v0.0.0-20170328105924-9a591848d332/go.mod h1:WDimY2uP2kIV4SScoolj6nRYQPGqAAAaJP29eqUU9dA=
github.com/sevlyar/go-daemon v0.0.0-20161117053140-8577c7ddef90 h1:RajNIgFi14Qa8SoACmFDBMbndwcDmm/vAKyhoEGznic=
github.com/sevlyar/go-daemon v0.0.0-20161117053140-8577c7ddef90/go.mod h1:6dJpPatBT9eUwM5VCw9Bt6CdX9Tk6UWvhW3MebLDRKE=
github.com/shiena/ansicolor v0.0.0-20151119151921-a422bbe96644 h1:X+yvsM2yrEktyI+b2qND5gpH8YhURn0k8OCaeRnkINo=
github.com/shiena/ansicolor v0.0.0-20151119151921-a422bbe96644/go.mod h1:nkxAfR/5quYxwPZhyDxgasBMnRtBZd0FCEpawpjMUFg=
golang.org/x/crypto v0.0.0-20161031180806-9477e0b78b9a h1:Esnda2KnXoH6s+xVTf9zaZg3o4p6d9C25WBNxxDHwOU=
golang.org/x/crypto v0.0.0-20161031180806-9477e0b78b9a/go.mod h1:6SG95UA2DQfeDnfUPMdvaQW0Q7yPrPDi9nlGo2tz2b4=
golang.org/x/net v0.0.0-20161110231909-0e2717dc3cc0 h1:mwBsPHM7cC3sR2GVBCyNaKhZ4MEMl+BXjw+zvfv5nP8=
golang.org/x/net v0.0.0-20161110231909-0e2717dc3cc0/go.mod h1:mL1N/T3taQHkDXs73rZJwtUhF3w3ftmwwsq0BUmARs4=
golang.org/x/sys v0.0.0-20161110161252-b699b7032584 h1:v3jhM70cgyNHn6tMH3eyvHIpJDYXW6cG+5vX2Mg22ww=
golang.org/x/sys v0.0.0-20161110161252-b699b7032584/go.mod h1:STP8DvDyc/dI5b8T5hshtkjS+E42TnysNCUPdjciGhY=
gopkg.in/natefinch/lumberjack.v2 v2.0.0-20161104145732-dd45e6a67c53 h1:Kjoe/521+yYTO0xv6VymPwLPVq3RES8170ZpJkrFE9Q=
gopkg.in/natefinch/lumberjack.v2 v2.0.0-20161104145732-dd45e6a67c53/go.mod h1:l0ndWWf7gzL7RNwBG7wST/UCcT4T24xpD6X8LsfU/+k=
gopkg.in/square/go-jose.v1 v1.1.0 h1:T/KcERvxOFKL2QzwvOsP0l5xRvvhTlwcTxw5qad61pQ=
gopkg.in/square/go-jose.v1 v1.1.0/go.mod h1:QpYS+a4WhS+DTlyQIi6Ka7MS3SuR9a055rgXNEe6EiA=
